
Microsoft Visual Studio Solution File, Format Version 12.00
# Visual Studio Version 16
VisualStudioVersion = 16.0.31515.178
MinimumVisualStudioVersion = 10.0.40219.1
Project("{8BC9CEB8-8B4A-11D0-8D11-00A0C91BC942}") = "Project4", "Project4.vcxproj", "{1ED16F3B-CF36-431B-B909-63C2B191CF04}"
EndProject
Global
	GlobalSection(SolutionConfigurationPlatforms) = preSolution
		Debug|x64 = Debug|x64
		Debug|x86 = Debug|x86
		Release|x64 = Release|x64
		Release|x86 = Release|x86
	EndGlobalSection
	GlobalSection(ProjectConfigurationPlatforms) = postSolution
		{1ED16F3B-CF36-431B-B909-63C2B191CF04}.Debug|x64.ActiveCfg = Debug|x64
		{1ED16F3B-CF36-431B-B909-63C2B191CF04}.Debug|x64.Build.0 = Debug|x64
		{1ED16F3B-CF36-431B-B909-63C2B191CF04}.Debug|x86.ActiveCfg = Debug|Win32
		{1ED16F3B-CF36-431B-B909-63C2B191CF04}.Debug|x86.Build.0 = Debug|Win32
		{1ED16F3B-CF36-431B-B909-63C2B191CF04}.Release|x64.ActiveCfg = Release|x64
		{1ED16F3B-CF36-431B-B909-63C2B191CF04}.Release|x64.Build.0 = Release|x64
		{1ED16F3B-CF36-431B-B909-63C2B191CF04}.Release|x86.ActiveCfg = Release|Win32
		{1ED16F3B-CF36-431B-B909-63C2B191CF04}.Release|x86.Build.0 = Release|Win32
	EndGlobalSection
	GlobalSection(SolutionProperties) = preSolution
		HideSolutionNode = FALSE
	EndGlobalSection
	GlobalSection(ExtensibilityGlobals) = postSolution
		SolutionGuid = {08949C0C-02B0-49F0-89C2-5C73E01D89A7}
	EndGlobalSection
EndGlobal
